
Microsoft Visual Studio Solution File, Format Version 12.00
# Visual Studio 15
VisualStudioVersion = 15.0.26124.0
MinimumVisualStudioVersion = 15.0.26124.0
Project("{FAE04EC0-301F-11D3-BF4B-00C04F79EFBC}") = "CoreSudoku", "CoreSudoku\CoreSudoku.csproj", "{3F321058-5A8A-4A2E-AB2D-515EB26DB8CC}"
EndProject
Project("{FAE04EC0-301F-11D3-BF4B-00C04F79EFBC}") = "CoreSudoku.tests", "CoreSudoku.Tests\CoreSudoku.tests.csproj", "{DFF49438-3B9C-46F2-956F-BA7BAA0DF55B}"
EndProject
Project("{FAE04EC0-301F-11D3-BF4B-00C04F79EFBC}") = "CoreSudoku.Solver", "CoreSudoku.Solver\CoreSudoku.Solver.csproj", "{F0611B85-BFE1-4C94-A534-05A4EDAC4F69}"
EndProject
Global
	GlobalSection(SolutionConfigurationPlatforms) = preSolution
		Debug|Any CPU = Debug|Any CPU
		Debug|x64 = Debug|x64
		Debug|x86 = Debug|x86
		Release|Any CPU = Release|Any CPU
		Release|x64 = Release|x64
		Release|x86 = Release|x86
	EndGlobalSection
	GlobalSection(SolutionProperties) = preSolution
		HideSolutionNode = FALSE
	EndGlobalSection
	GlobalSection(ProjectConfigurationPlatforms) = postSolution
		{3F321058-5A8A-4A2E-AB2D-515EB26DB8CC}.Debug|Any CPU.ActiveCfg = Debug|Any CPU
		{3F321058-5A8A-4A2E-AB2D-515EB26DB8CC}.Debug|Any CPU.Build.0 = Debug|Any CPU
		{3F321058-5A8A-4A2E-AB2D-515EB26DB8CC}.Debug|x64.ActiveCfg = Debug|Any CPU
		{3F321058-5A8A-4A2E-AB2D-515EB26DB8CC}.Debug|x64.Build.0 = Debug|Any CPU
		{3F321058-5A8A-4A2E-AB2D-515EB26DB8CC}.Debug|x86.ActiveCfg = Debug|Any CPU
		{3F321058-5A8A-4A2E-AB2D-515EB26DB8CC}.Debug|x86.Build.0 = Debug|Any CPU
		{3F321058-5A8A-4A2E-AB2D-515EB26DB8CC}.Release|Any CPU.ActiveCfg = Release|Any CPU
		{3F321058-5A8A-4A2E-AB2D-515EB26DB8CC}.Release|Any CPU.Build.0 = Release|Any CPU
		{3F321058-5A8A-4A2E-AB2D-515EB26DB8CC}.Release|x64.ActiveCfg = Release|Any CPU
		{3F321058-5A8A-4A2E-AB2D-515EB26DB8CC}.Release|x64.Build.0 = Release|Any CPU
		{3F321058-5A8A-4A2E-AB2D-515EB26DB8CC}.Release|x86.ActiveCfg = Release|Any CPU
		{3F321058-5A8A-4A2E-AB2D-515EB26DB8CC}.Release|x86.Build.0 = Release|Any CPU
		{DFF49438-3B9C-46F2-956F-BA7BAA0DF55B}.Debug|Any CPU.ActiveCfg = Debug|Any CPU
		{DFF49438-3B9C-46F2-956F-BA7BAA0DF55B}.Debug|Any CPU.Build.0 = Debug|Any CPU
		{DFF49438-3B9C-46F2-956F-BA7BAA0DF55B}.Debug|x64.ActiveCfg = Debug|Any CPU
		{DFF49438-3B9C-46F2-956F-BA7BAA0DF55B}.Debug|x64.Build.0 = Debug|Any CPU
		{DFF49438-3B9C-46F2-956F-BA7BAA0DF55B}.Debug|x86.ActiveCfg = Debug|Any CPU
		{DFF49438-3B9C-46F2-956F-BA7BAA0DF55B}.Debug|x86.Build.0 = Debug|Any CPU
		{DFF49438-3B9C-46F2-956F-BA7BAA0DF55B}.Release|Any CPU.ActiveCfg = Release|Any CPU
		{DFF49438-3B9C-46F2-956F-BA7BAA0DF55B}.Release|Any CPU.Build.0 = Release|Any CPU
		{DFF49438-3B9C-46F2-956F-BA7BAA0DF55B}.Release|x64.ActiveCfg = Release|Any CPU
		{DFF49438-3B9C-46F2-956F-BA7BAA0DF55B}.Release|x64.Build.0 = Release|Any CPU
		{DFF49438-3B9C-46F2-956F-BA7BAA0DF55B}.Release|x86.ActiveCfg = Release|Any CPU
		{DFF49438-3B9C-46F2-956F-BA7BAA0DF55B}.Release|x86.Build.0 = Release|Any CPU
		{F0611B85-BFE1-4C94-A534-05A4EDAC4F69}.Debug|Any CPU.ActiveCfg = Debug|Any CPU
		{F0611B85-BFE1-4C94-A534-05A4EDAC4F69}.Debug|Any CPU.Build.0 = Debug|Any CPU
		{F0611B85-BFE1-4C94-A534-05A4EDAC4F69}.Debug|x64.ActiveCfg = Debug|Any CPU
		{F0611B85-BFE1-4C94-A534-05A4EDAC4F69}.Debug|x64.Build.0 = Debug|Any CPU
		{F0611B85-BFE1-4C94-A534-05A4EDAC4F69}.Debug|x86.ActiveCfg = Debug|Any CPU
		{F0611B85-BFE1-4C94-A534-05A4EDAC4F69}.Debug|x86.Build.0 = Debug|Any CPU
		{F0611B85-BFE1-4C94-A534-05A4EDAC4F69}.Release|Any CPU.ActiveCfg = Release|Any CPU
		{F0611B85-BFE1-4C94-A534-05A4EDAC4F69}.Release|Any CPU.Build.0 = Release|Any CPU
		{F0611B85-BFE1-4C94-A534-05A4EDAC4F69}.Release|x64.ActiveCfg = Release|Any CPU
		{F0611B85-BFE1-4C94-A534-05A4EDAC4F69}.Release|x64.Build.0 = Release|Any CPU
		{F0611B85-BFE1-4C94-A534-05A4EDAC4F69}.Release|x86.ActiveCfg = Release|Any CPU
		{F0611B85-BFE1-4C94-A534-05A4EDAC4F69}.Release|x86.Build.0 = Release|Any CPU
	EndGlobalSection
EndGlobal
